// !$*UTF8*$!
{
	archiveVersion = 1;
	classes = {
	};
	objectVersion = 54;
	objects = {

/* Begin PBXBuildFile section */
		00E356F31AD99517003FC87E /* CoffeeAppTests.m in Sources */ = {isa = PBXBuildFile; fileRef = 00E356F21AD99517003FC87E /* CoffeeAppTests.m */; };
		0C80B921A6F3F58F76C31292 /* libPods-CoffeeApp.a in Frameworks */ = {isa = PBXBuildFile; fileRef = 5DCACB8F33CDC322A6C60F78 /* libPods-CoffeeApp.a */; };
		13B07FBC1A68108700A75B9A /* AppDelegate.mm in Sources */ = {isa = PBXBuildFile; fileRef = 13B07FB01A68108700A75B9A /* AppDelegate.mm */; };
		13B07FBF1A68108700A75B9A /* Images.xcassets in Resources */ = {isa = PBXBuildFile; fileRef = 13B07FB51A68108700A75B9A /* Images.xcassets */; };
		13B07FC11A68108700A75B9A /* main.m in Sources */ = {isa = PBXBuildFile; fileRef = 13B07FB71A68108700A75B9A /* main.m */; };
		7699B88040F8A987B510C191 /* libPods-CoffeeApp-CoffeeAppTests.a in Frameworks */ = {isa = PBXBuildFile; fileRef = 19F6CBCC0A4E27FBF8BF4A61 /* libPods-CoffeeApp-CoffeeAppTests.a */; };
		81AB9BB82411601600AC10FF /* LaunchScreen.storyboard in Resources */ = {isa = PBXBuildFile; fileRef = 81AB9BB72411601600AC10FF /* LaunchScreen.storyboard */; };
		5131D1BAC6DB48F69C5206A4 /* app_icons.ttf in Resources */ = {isa = PBXBuildFile; fileRef = DDD497CF7DBF4B5FBEDBD19B /* app_icons.ttf */; };
		22B3A7B993714B7CA5D730E7 /* Poppins-Black.ttf in Resources */ = {isa = PBXBuildFile; fileRef = 6D0D89468F3D459989A1E83D /* Poppins-Black.ttf */; };
		DEF12A4E2B554935AD47A142 /* Poppins-Bold.ttf in Resources */ = {isa = PBXBuildFile; fileRef = 90B4FEA8AA8647A6A1ED6BB0 /* Poppins-Bold.ttf */; };
		F309A57B70AE4355A7FDD919 /* Poppins-ExtraBold.ttf in Resources */ = {isa = PBXBuildFile; fileRef = 2EAC5438F82B44F29102D61B /* Poppins-ExtraBold.ttf */; };
		2DCE545325C04944B5B1C96D /* Poppins-ExtraLight.ttf in Resources */ = {isa = PBXBuildFile; fileRef = 693C9139D5A4453BA180E292 /* Poppins-ExtraLight.ttf */; };
		386AD30BA1014E798231AFE3 /* Poppins-Light.ttf in Resources */ = {isa = PBXBuildFile; fileRef = E8B41A292CA94DA9B250D19B /* Poppins-Light.ttf */; };
		24BBEE1FFE514EDB97BB8B45 /* Poppins-Medium.ttf in Resources */ = {isa = PBXBuildFile; fileRef = 8E1C2EC6BE19470F9084ED5D /* Poppins-Medium.ttf */; };
		31D2610C77BA4DD0A2150C45 /* Poppins-Regular.ttf in Resources */ = {isa = PBXBuildFile; fileRef = C620F8FB62CF41069CA4BA0C /* Poppins-Regular.ttf */; };
		E60B79478201495A93365B25 /* Poppins-SemiBold.ttf in Resources */ = {isa = PBXBuildFile; fileRef = C8163E77061C482CB91F566E /* Poppins-SemiBold.ttf */; };
		A6C665992DA44334B950C065 /* Poppins-Thin.ttf in Resources */ = {isa = PBXBuildFile; fileRef = D3953E7460194754B84DAF79 /* Poppins-Thin.ttf */; };
		6B4CA4BC24C045B3B3BFB51F /* amazonpay.png in Resources */ = {isa = PBXBuildFile; fileRef = 3AC646D374AD4856A65F7D6F /* amazonpay.png */; };
		F8063DA2D86E43A9B882B6CE /* applepay.png in Resources */ = {isa = PBXBuildFile; fileRef = E2BB8ED8AB374C8B887BD2CE /* applepay.png */; };
		AD5E9A5C238E499480384319 /* avatar.png in Resources */ = {isa = PBXBuildFile; fileRef = C304F7E9E76D40DCB226EFFF /* avatar.png */; };
		3921A2795EEA4FF8AF67FC82 /* gpay.png in Resources */ = {isa = PBXBuildFile; fileRef = 010ED8464277454BB38317F6 /* gpay.png */; };
		985B2C9548B040CBB04A31B6 /* americano_pic_1_portrait.png in Resources */ = {isa = PBXBuildFile; fileRef = D65E0176160443B3B7C25EBC /* americano_pic_1_portrait.png */; };
		9F50B8EDA56140318631DBB5 /* americano_pic_2_portrait.png in Resources */ = {isa = PBXBuildFile; fileRef = F1A2083F7FCB48E2891257BD /* americano_pic_2_portrait.png */; };
		65FE96B225334A2DA2870D87 /* americano_pic_3_portrait.png in Resources */ = {isa = PBXBuildFile; fileRef = 1DB6FBD90ABE497D823EC5BB /* americano_pic_3_portrait.png */; };
		E88819590D52498DBA29F3E3 /* americano_pic_1_square.png in Resources */ = {isa = PBXBuildFile; fileRef = 0A3C4189B03B4AE3840B9989 /* americano_pic_1_square.png */; };
		D7C06C6D6B234247A95811CB /* americano_pic_2_square.png in Resources */ = {isa = PBXBuildFile; fileRef = 323210C518DF431897A3E089 /* americano_pic_2_square.png */; };
		F9BA53FDD5DD49FBAAF5523F /* americano_pic_3_square.png in Resources */ = {isa = PBXBuildFile; fileRef = 46C8C886C82446C6A4875007 /* americano_pic_3_square.png */; };
		5F47207E9FAF4873A46CC21F /* arabica_coffee_beans_portrait.png in Resources */ = {isa = PBXBuildFile; fileRef = A73001EE9E614225A4DD69D9 /* arabica_coffee_beans_portrait.png */; };
		78010AD275C54479A0E2B87E /* arabica_coffee_beans_square.png in Resources */ = {isa = PBXBuildFile; fileRef = 378F9F4A95D745849ED54955 /* arabica_coffee_beans_square.png */; };
		00EF926488EA48F997C2637D /* black_coffee_pic_1_portrait.png in Resources */ = {isa = PBXBuildFile; fileRef = A2053703ABAA492CB264D138 /* black_coffee_pic_1_portrait.png */; };
		4B32CD9D49DC4FBAA460B396 /* black_coffee_pic_2_portrait.png in Resources */ = {isa = PBXBuildFile; fileRef = BCF685EC74F84A3CB3FA2765 /* black_coffee_pic_2_portrait.png */; };
		0C4ACB71030B41F28E22BC4D /* black_coffee_pic_3_portrait.png in Resources */ = {isa = PBXBuildFile; fileRef = 5A73FA0B10E942C08E7A3BF9 /* black_coffee_pic_3_portrait.png */; };
		6C25337FCBCF4C95994191A7 /* black_coffee_pic_1_square.png in Resources */ = {isa = PBXBuildFile; fileRef = AA9506B78CAE4355BCC4DF0E /* black_coffee_pic_1_square.png */; };
		3E12B8BB483C45408F79A582 /* black_coffee_pic_2_square.png in Resources */ = {isa = PBXBuildFile; fileRef = 90CA112E7D5C4868AE77848F /* black_coffee_pic_2_square.png */; };
		7D7E108F11084F42A326F584 /* black_coffee_pic_3_square.png in Resources */ = {isa = PBXBuildFile; fileRef = 72C58E2D4CA54AFB99973100 /* black_coffee_pic_3_square.png */; };
		2951A7DB21C149708DEB599F /* cappuccino_pic_1_portrait.png in Resources */ = {isa = PBXBuildFile; fileRef = 81681A87EA0640D5BF87CFA1 /* cappuccino_pic_1_portrait.png */; };
		065D2FC17F374DB9ADCF02C8 /* cappuccino_pic_2_portrait.png in Resources */ = {isa = PBXBuildFile; fileRef = 8CD7F0AE3DC549B68B7B560A /* cappuccino_pic_2_portrait.png */; };
		8A3F60A2325E401C915918C0 /* cappuccino_pic_3_portrait.png in Resources */ = {isa = PBXBuildFile; fileRef = 5F35F9CDE2114E28B38F7AC1 /* cappuccino_pic_3_portrait.png */; };
		B0568656E6774224B314E271 /* cappuccino_pic_1_square.png in Resources */ = {isa = PBXBuildFile; fileRef = 0D01435A24B543DC8A151C31 /* cappuccino_pic_1_square.png */; };
		C6098EB1370F41EA893154E3 /* cappuccino_pic_2_square.png in Resources */ = {isa = PBXBuildFile; fileRef = 8D1CD7E9B220400BA327CDB1 /* cappuccino_pic_2_square.png */; };
		9CF70F500AA34A818C9B53AA /* cappuccino_pic_3_square.png in Resources */ = {isa = PBXBuildFile; fileRef = 2B8F1CBE5BCB4EFFABEA4AAD /* cappuccino_pic_3_square.png */; };
		3556144625B44A6C8A2A2674 /* espresso_pic_1_portrait.png in Resources */ = {isa = PBXBuildFile; fileRef = A4EA61DCEEAD4320A67EEC95 /* espresso_pic_1_portrait.png */; };
		FFE9DC4D7E6B4BBCA4E21C84 /* espresso_pic_2_portrait.png in Resources */ = {isa = PBXBuildFile; fileRef = D9FFAFD57E714701AAC2856D /* espresso_pic_2_portrait.png */; };
		DD8AF816D7C54FBFB36EF293 /* espresso_pic_3_portrait.png in Resources */ = {isa = PBXBuildFile; fileRef = F74284A667F6416C8904EE81 /* espresso_pic_3_portrait.png */; };
		CC055664755741D5958CDDD3 /* espresso_pic_1_square.png in Resources */ = {isa = PBXBuildFile; fileRef = 3F621CA413C345568FE06403 /* espresso_pic_1_square.png */; };
		795454970CF14B8CBAB0C118 /* espresso_pic_2_square.png in Resources */ = {isa = PBXBuildFile; fileRef = 4EF929A06C4442E6A3D8B46D /* espresso_pic_2_square.png */; };
		72C7EF0A17484FA390898017 /* espresso_pic_3_square.png in Resources */ = {isa = PBXBuildFile; fileRef = 903CAE770BA9489485EDF608 /* espresso_pic_3_square.png */; };
		F2E4E134FAFE4F1582F56CCD /* excelsa_coffee_beans_portrait.png in Resources */ = {isa = PBXBuildFile; fileRef = 342CFA0677C3462C8AE14A01 /* excelsa_coffee_beans_portrait.png */; };
		F92B7F5711074BE38A6B893E /* excelsa_coffee_beans_square.png in Resources */ = {isa = PBXBuildFile; fileRef = C91EAE77F2504F96B9E3DF56 /* excelsa_coffee_beans_square.png */; };
		3E8458A380D44075BC4765DB /* latte_pic_1_portrait.png in Resources */ = {isa = PBXBuildFile; fileRef = C78A2E39BCB84F7C98597BC3 /* latte_pic_1_portrait.png */; };
		C63FF6DF3F8A45C382F8BA50 /* latte_pic_2_portrait.png in Resources */ = {isa = PBXBuildFile; fileRef = E04C2E1529FE4F979AEBB4C7 /* latte_pic_2_portrait.png */; };
		09723B6A2F794774A3A4D56F /* latte_pic_3_portrait.png in Resources */ = {isa = PBXBuildFile; fileRef = 919B198DFF2A44B68E0F7BC0 /* latte_pic_3_portrait.png */; };
		47A6249D74FA489686BFDB1F /* latte_pic_1_square.png in Resources */ = {isa = PBXBuildFile; fileRef = 7A22D2978BA849C6B5D47447 /* latte_pic_1_square.png */; };
		168CAFDDFF7E452C95491FA4 /* latte_pic_2_square.png in Resources */ = {isa = PBXBuildFile; fileRef = B77446ADD4CF4FACA4FE9457 /* latte_pic_2_square.png */; };
		5FE452CAE0DE402FBBC1D394 /* latte_pic_3_square.png in Resources */ = {isa = PBXBuildFile; fileRef = 26264E33074046CCB7CD645B /* latte_pic_3_square.png */; };
		D1BADD2AEF124E84B408D741 /* liberica_coffee_beans_portrait.png in Resources */ = {isa = PBXBuildFile; fileRef = 8F7540AAE25E4EB9A5AA9F9F /* liberica_coffee_beans_portrait.png */; };
		1C31F9ED1D05431F846AD99A /* liberica_coffee_beans_square.png in Resources */ = {isa = PBXBuildFile; fileRef = 3C5DA075C50046508FEBA993 /* liberica_coffee_beans_square.png */; };
		12086655B95349AAB7E634D8 /* macchiato_pic_1_portrait.png in Resources */ = {isa = PBXBuildFile; fileRef = 650D3E2CB51C4B61A717B539 /* macchiato_pic_1_portrait.png */; };
		10F631295E7F4681BE2F3536 /* macchiato_pic_2_portrait.png in Resources */ = {isa = PBXBuildFile; fileRef = 80A6C84A364E40379B7EC39B /* macchiato_pic_2_portrait.png */; };
		800108A6A3824B559D4582E0 /* macchiato_pic_3_portrait.png in Resources */ = {isa = PBXBuildFile; fileRef = DEE396096E634D03B11A3CBA /* macchiato_pic_3_portrait.png */; };
		58C7FE29B59D4CE986B599A7 /* macchiato_pic_1_square.png in Resources */ = {isa = PBXBuildFile; fileRef = FB30F8ABD33F44D785EBFCE4 /* macchiato_pic_1_square.png */; };
		67C17A8BC7AC4FD98599BE47 /* macchiato_pic_2_square.png in Resources */ = {isa = PBXBuildFile; fileRef = 05877490D43A4D1F9AA86BFC /* macchiato_pic_2_square.png */; };
		12F1284AB34B4CC38E437AC1 /* macchiato_pic_3_square.png in Resources */ = {isa = PBXBuildFile; fileRef = 7D081ED57F88493EA83469F3 /* macchiato_pic_3_square.png */; };
		2B64A44BDF684CA68487124B /* robusta_coffee_beans_portrait.png in Resources */ = {isa = PBXBuildFile; fileRef = 27DA7C65EDC741CB9018E452 /* robusta_coffee_beans_portrait.png */; };
		0DB48D7051984DD0B7AEC296 /* robusta_coffee_beans_square.png in Resources */ = {isa = PBXBuildFile; fileRef = 56676286D8FD41FA981672F9 /* robusta_coffee_beans_square.png */; };
/* End PBXBuildFile section */

/* Begin PBXContainerItemProxy section */
		00E356F41AD99517003FC87E /* PBXContainerItemProxy */ = {
			isa = PBXContainerItemProxy;
			containerPortal = 83CBB9F71A601CBA00E9B192 /* Project object */;
			proxyType = 1;
			remoteGlobalIDString = 13B07F861A680F5B00A75B9A;
			remoteInfo = CoffeeApp;
		};
/* End PBXContainerItemProxy section */

/* Begin PBXFileReference section */
		00E356EE1AD99517003FC87E /* CoffeeAppTests.xctest */ = {isa = PBXFileReference; explicitFileType = wrapper.cfbundle; includeInIndex = 0; path = CoffeeAppTests.xctest; sourceTree = BUILT_PRODUCTS_DIR; };
		00E356F11AD99517003FC87E /* Info.plist */ = {isa = PBXFileReference; lastKnownFileType = text.plist.xml; path = Info.plist; sourceTree = "<group>"; };
		00E356F21AD99517003FC87E /* CoffeeAppTests.m */ = {isa = PBXFileReference; lastKnownFileType = sourcecode.c.objc; path = CoffeeAppTests.m; sourceTree = "<group>"; };
		13B07F961A680F5B00A75B9A /* CoffeeApp.app */ = {isa = PBXFileReference; explicitFileType = wrapper.application; includeInIndex = 0; path = CoffeeApp.app; sourceTree = BUILT_PRODUCTS_DIR; };
		13B07FAF1A68108700A75B9A /* AppDelegate.h */ = {isa = PBXFileReference; fileEncoding = 4; lastKnownFileType = sourcecode.c.h; name = AppDelegate.h; path = CoffeeApp/AppDelegate.h; sourceTree = "<group>"; };
		13B07FB01A68108700A75B9A /* AppDelegate.mm */ = {isa = PBXFileReference; fileEncoding = 4; lastKnownFileType = sourcecode.cpp.objcpp; name = AppDelegate.mm; path = CoffeeApp/AppDelegate.mm; sourceTree = "<group>"; };
		13B07FB51A68108700A75B9A /* Images.xcassets */ = {isa = PBXFileReference; lastKnownFileType = folder.assetcatalog; name = Images.xcassets; path = CoffeeApp/Images.xcassets; sourceTree = "<group>"; };
		13B07FB61A68108700A75B9A /* Info.plist */ = {isa = PBXFileReference; fileEncoding = 4; lastKnownFileType = text.plist.xml; name = Info.plist; path = CoffeeApp/Info.plist; sourceTree = "<group>"; };
		13B07FB71A68108700A75B9A /* main.m */ = {isa = PBXFileReference; fileEncoding = 4; lastKnownFileType = sourcecode.c.objc; name = main.m; path = CoffeeApp/main.m; sourceTree = "<group>"; };
		13B07FB81A68108700A75B9A /* PrivacyInfo.xcprivacy */ = {isa = PBXFileReference; fileEncoding = 4; lastKnownFileType = text.plist.xml; name = PrivacyInfo.xcprivacy; path = CoffeeApp/PrivacyInfo.xcprivacy; sourceTree = "<group>"; };
		19F6CBCC0A4E27FBF8BF4A61 /* libPods-CoffeeApp-CoffeeAppTests.a */ = {isa = PBXFileReference; explicitFileType = archive.ar; includeInIndex = 0; path = "libPods-CoffeeApp-CoffeeAppTests.a"; sourceTree = BUILT_PRODUCTS_DIR; };
		3B4392A12AC88292D35C810B /* Pods-CoffeeApp.debug.xcconfig */ = {isa = PBXFileReference; includeInIndex = 1; lastKnownFileType = text.xcconfig; name = "Pods-CoffeeApp.debug.xcconfig"; path = "Target Support Files/Pods-CoffeeApp/Pods-CoffeeApp.debug.xcconfig"; sourceTree = "<group>"; };
		5709B34CF0A7D63546082F79 /* Pods-CoffeeApp.release.xcconfig */ = {isa = PBXFileReference; includeInIndex = 1; lastKnownFileType = text.xcconfig; name = "Pods-CoffeeApp.release.xcconfig"; path = "Target Support Files/Pods-CoffeeApp/Pods-CoffeeApp.release.xcconfig"; sourceTree = "<group>"; };
		5B7EB9410499542E8C5724F5 /* Pods-CoffeeApp-CoffeeAppTests.debug.xcconfig */ = {isa = PBXFileReference; includeInIndex = 1; lastKnownFileType = text.xcconfig; name = "Pods-CoffeeApp-CoffeeAppTests.debug.xcconfig"; path = "Target Support Files/Pods-CoffeeApp-CoffeeAppTests/Pods-CoffeeApp-CoffeeAppTests.debug.xcconfig"; sourceTree = "<group>"; };
		5DCACB8F33CDC322A6C60F78 /* libPods-CoffeeApp.a */ = {isa = PBXFileReference; explicitFileType = archive.ar; includeInIndex = 0; path = "libPods-CoffeeApp.a"; sourceTree = BUILT_PRODUCTS_DIR; };
		81AB9BB72411601600AC10FF /* LaunchScreen.storyboard */ = {isa = PBXFileReference; fileEncoding = 4; lastKnownFileType = file.storyboard; name = LaunchScreen.storyboard; path = CoffeeApp/LaunchScreen.storyboard; sourceTree = "<group>"; };
		89C6BE57DB24E9ADA2F236DE /* Pods-CoffeeApp-CoffeeAppTests.release.xcconfig */ = {isa = PBXFileReference; includeInIndex = 1; lastKnownFileType = text.xcconfig; name = "Pods-CoffeeApp-CoffeeAppTests.release.xcconfig"; path = "Target Support Files/Pods-CoffeeApp-CoffeeAppTests/Pods-CoffeeApp-CoffeeAppTests.release.xcconfig"; sourceTree = "<group>"; };
		ED297162215061F000B7C4FE /* JavaScriptCore.framework */ = {isa = PBXFileReference; lastKnownFileType = wrapper.framework; name = JavaScriptCore.framework; path = System/Library/Frameworks/JavaScriptCore.framework; sourceTree = SDKROOT; };
		DDD497CF7DBF4B5FBEDBD19B /* app_icons.ttf */ = {isa = PBXFileReference; name = "app_icons.ttf"; path = "../src/assets/fonts/app_icons.ttf"; sourceTree = "<group>"; fileEncoding = undefined; lastKnownFileType = unknown; explicitFileType = undefined; includeInIndex = 0; };
		6D0D89468F3D459989A1E83D /* Poppins-Black.ttf */ = {isa = PBXFileReference; name = "Poppins-Black.ttf"; path = "../src/assets/fonts/Poppins-Black.ttf"; sourceTree = "<group>"; fileEncoding = undefined; lastKnownFileType = unknown; explicitFileType = undefined; includeInIndex = 0; };
		90B4FEA8AA8647A6A1ED6BB0 /* Poppins-Bold.ttf */ = {isa = PBXFileReference; name = "Poppins-Bold.ttf"; path = "../src/assets/fonts/Poppins-Bold.ttf"; sourceTree = "<group>"; fileEncoding = undefined; lastKnownFileType = unknown; explicitFileType = undefined; includeInIndex = 0; };
		2EAC5438F82B44F29102D61B /* Poppins-ExtraBold.ttf */ = {isa = PBXFileReference; name = "Poppins-ExtraBold.ttf"; path = "../src/assets/fonts/Poppins-ExtraBold.ttf"; sourceTree = "<group>"; fileEncoding = undefined; lastKnownFileType = unknown; explicitFileType = undefined; includeInIndex = 0; };
		693C9139D5A4453BA180E292 /* Poppins-ExtraLight.ttf */ = {isa = PBXFileReference; name = "Poppins-ExtraLight.ttf"; path = "../src/assets/fonts/Poppins-ExtraLight.ttf"; sourceTree = "<group>"; fileEncoding = undefined; lastKnownFileType = unknown; explicitFileType = undefined; includeInIndex = 0; };
		E8B41A292CA94DA9B250D19B /* Poppins-Light.ttf */ = {isa = PBXFileReference; name = "Poppins-Light.ttf"; path = "../src/assets/fonts/Poppins-Light.ttf"; sourceTree = "<group>"; fileEncoding = undefined; lastKnownFileType = unknown; explicitFileType = undefined; includeInIndex = 0; };
		8E1C2EC6BE19470F9084ED5D /* Poppins-Medium.ttf */ = {isa = PBXFileReference; name = "Poppins-Medium.ttf"; path = "../src/assets/fonts/Poppins-Medium.ttf"; sourceTree = "<group>"; fileEncoding = undefined; lastKnownFileType = unknown; explicitFileType = undefined; includeInIndex = 0; };
		C620F8FB62CF41069CA4BA0C /* Poppins-Regular.ttf */ = {isa = PBXFileReference; name = "Poppins-Regular.ttf"; path = "../src/assets/fonts/Poppins-Regular.ttf"; sourceTree = "<group>"; fileEncoding = undefined; lastKnownFileType = unknown; explicitFileType = undefined; includeInIndex = 0; };
		C8163E77061C482CB91F566E /* Poppins-SemiBold.ttf */ = {isa = PBXFileReference; name = "Poppins-SemiBold.ttf"; path = "../src/assets/fonts/Poppins-SemiBold.ttf"; sourceTree = "<group>"; fileEncoding = undefined; lastKnownFileType = unknown; explicitFileType = undefined; includeInIndex = 0; };
		D3953E7460194754B84DAF79 /* Poppins-Thin.ttf */ = {isa = PBXFileReference; name = "Poppins-Thin.ttf"; path = "../src/assets/fonts/Poppins-Thin.ttf"; sourceTree = "<group>"; fileEncoding = undefined; lastKnownFileType = unknown; explicitFileType = undefined; includeInIndex = 0; };
		3AC646D374AD4856A65F7D6F /* amazonpay.png */ = {isa = PBXFileReference; name = "amazonpay.png"; path = "../src/assets/app_images/amazonpay.png"; sourceTree = "<group>"; fileEncoding = undefined; lastKnownFileType = unknown; explicitFileType = undefined; includeInIndex = 0; };
		E2BB8ED8AB374C8B887BD2CE /* applepay.png */ = {isa = PBXFileReference; name = "applepay.png"; path = "../src/assets/app_images/applepay.png"; sourceTree = "<group>"; fileEncoding = undefined; lastKnownFileType = unknown; explicitFileType = undefined; includeInIndex = 0; };
		C304F7E9E76D40DCB226EFFF /* avatar.png */ = {isa = PBXFileReference; name = "avatar.png"; path = "../src/assets/app_images/avatar.png"; sourceTree = "<group>"; fileEncoding = undefined; lastKnownFileType = unknown; explicitFileType = undefined; includeInIndex = 0; };
		010ED8464277454BB38317F6 /* gpay.png */ = {isa = PBXFileReference; name = "gpay.png"; path = "../src/assets/app_images/gpay.png"; sourceTree = "<group>"; fileEncoding = undefined; lastKnownFileType = unknown; explicitFileType = undefined; includeInIndex = 0; };
		D65E0176160443B3B7C25EBC /* americano_pic_1_portrait.png */ = {isa = PBXFileReference; name = "americano_pic_1_portrait.png"; path = "../src/assets/coffee_assets/americano/portrait/americano_pic_1_portrait.png"; sourceTree = "<group>"; fileEncoding = undefined; lastKnownFileType = unknown; explicitFileType = undefined; includeInIndex = 0; };
		F1A2083F7FCB48E2891257BD /* americano_pic_2_portrait.png */ = {isa = PBXFileReference; name = "americano_pic_2_portrait.png"; path = "../src/assets/coffee_assets/americano/portrait/americano_pic_2_portrait.png"; sourceTree = "<group>"; fileEncoding = undefined; lastKnownFileType = unknown; explicitFileType = undefined; includeInIndex = 0; };
		1DB6FBD90ABE497D823EC5BB /* americano_pic_3_portrait.png */ = {isa = PBXFileReference; name = "americano_pic_3_portrait.png"; path = "../src/assets/coffee_assets/americano/portrait/americano_pic_3_portrait.png"; sourceTree = "<group>"; fileEncoding = undefined; lastKnownFileType = unknown; explicitFileType = undefined; includeInIndex = 0; };
		0A3C4189B03B4AE3840B9989 /* americano_pic_1_square.png */ = {isa = PBXFileReference; name = "americano_pic_1_square.png"; path = "../src/assets/coffee_assets/americano/square/americano_pic_1_square.png"; sourceTree = "<group>"; fileEncoding = undefined; lastKnownFileType = unknown; explicitFileType = undefined; includeInIndex = 0; };
		323210C518DF431897A3E089 /* americano_pic_2_square.png */ = {isa = PBXFileReference; name = "americano_pic_2_square.png"; path = "../src/assets/coffee_assets/americano/square/americano_pic_2_square.png"; sourceTree = "<group>"; fileEncoding = undefined; lastKnownFileType = unknown; explicitFileType = undefined; includeInIndex = 0; };
		46C8C886C82446C6A4875007 /* americano_pic_3_square.png */ = {isa = PBXFileReference; name = "americano_pic_3_square.png"; path = "../src/assets/coffee_assets/americano/square/americano_pic_3_square.png"; sourceTree = "<group>"; fileEncoding = undefined; lastKnownFileType = unknown; explicitFileType = undefined; includeInIndex = 0; };
		A73001EE9E614225A4DD69D9 /* arabica_coffee_beans_portrait.png */ = {isa = PBXFileReference; name = "arabica_coffee_beans_portrait.png"; path = "../src/assets/coffee_assets/arabica_coffee_beans/arabica_coffee_beans_portrait.png"; sourceTree = "<group>"; fileEncoding = undefined; lastKnownFileType = unknown; explicitFileType = undefined; includeInIndex = 0; };
		378F9F4A95D745849ED54955 /* arabica_coffee_beans_square.png */ = {isa = PBXFileReference; name = "arabica_coffee_beans_square.png"; path = "../src/assets/coffee_assets/arabica_coffee_beans/arabica_coffee_beans_square.png"; sourceTree = "<group>"; fileEncoding = undefined; lastKnownFileType = unknown; explicitFileType = undefined; includeInIndex = 0; };
		A2053703ABAA492CB264D138 /* black_coffee_pic_1_portrait.png */ = {isa = PBXFileReference; name = "black_coffee_pic_1_portrait.png"; path = "../src/assets/coffee_assets/black_coffee/portrait/black_coffee_pic_1_portrait.png"; sourceTree = "<group>"; fileEncoding = undefined; lastKnownFileType = unknown; explicitFileType = undefined; includeInIndex = 0; };
		BCF685EC74F84A3CB3FA2765 /* black_coffee_pic_2_portrait.png */ = {isa = PBXFileReference; name = "black_coffee_pic_2_portrait.png"; path = "../src/assets/coffee_assets/black_coffee/portrait/black_coffee_pic_2_portrait.png"; sourceTree = "<group>"; fileEncoding = undefined; lastKnownFileType = unknown; explicitFileType = undefined; includeInIndex = 0; };
		5A73FA0B10E942C08E7A3BF9 /* black_coffee_pic_3_portrait.png */ = {isa = PBXFileReference; name = "black_coffee_pic_3_portrait.png"; path = "../src/assets/coffee_assets/black_coffee/portrait/black_coffee_pic_3_portrait.png"; sourceTree = "<group>"; fileEncoding = undefined; lastKnownFileType = unknown; explicitFileType = undefined; includeInIndex = 0; };
		AA9506B78CAE4355BCC4DF0E /* black_coffee_pic_1_square.png */ = {isa = PBXFileReference; name = "black_coffee_pic_1_square.png"; path = "../src/assets/coffee_assets/black_coffee/square/black_coffee_pic_1_square.png"; sourceTree = "<group>"; fileEncoding = undefined; lastKnownFileType = unknown; explicitFileType = undefined; includeInIndex = 0; };
		90CA112E7D5C4868AE77848F /* black_coffee_pic_2_square.png */ = {isa = PBXFileReference; name = "black_coffee_pic_2_square.png"; path = "../src/assets/coffee_assets/black_coffee/square/black_coffee_pic_2_square.png"; sourceTree = "<group>"; fileEncoding = undefined; lastKnownFileType = unknown; explicitFileType = undefined; includeInIndex = 0; };
		72C58E2D4CA54AFB99973100 /* black_coffee_pic_3_square.png */ = {isa = PBXFileReference; name = "black_coffee_pic_3_square.png"; path = "../src/assets/coffee_assets/black_coffee/square/black_coffee_pic_3_square.png"; sourceTree = "<group>"; fileEncoding = undefined; lastKnownFileType = unknown; explicitFileType = undefined; includeInIndex = 0; };
		81681A87EA0640D5BF87CFA1 /* cappuccino_pic_1_portrait.png */ = {isa = PBXFileReference; name = "cappuccino_pic_1_portrait.png"; path = "../src/assets/coffee_assets/cappuccino/portrait/cappuccino_pic_1_portrait.png"; sourceTree = "<group>"; fileEncoding = undefined; lastKnownFileType = unknown; explicitFileType = undefined; includeInIndex = 0; };
		8CD7F0AE3DC549B68B7B560A /* cappuccino_pic_2_portrait.png */ = {isa = PBXFileReference; name = "cappuccino_pic_2_portrait.png"; path = "../src/assets/coffee_assets/cappuccino/portrait/cappuccino_pic_2_portrait.png"; sourceTree = "<group>"; fileEncoding = undefined; lastKnownFileType = unknown; explicitFileType = undefined; includeInIndex = 0; };
		5F35F9CDE2114E28B38F7AC1 /* cappuccino_pic_3_portrait.png */ = {isa = PBXFileReference; name = "cappuccino_pic_3_portrait.png"; path = "../src/assets/coffee_assets/cappuccino/portrait/cappuccino_pic_3_portrait.png"; sourceTree = "<group>"; fileEncoding = undefined; lastKnownFileType = unknown; explicitFileType = undefined; includeInIndex = 0; };
		0D01435A24B543DC8A151C31 /* cappuccino_pic_1_square.png */ = {isa = PBXFileReference; name = "cappuccino_pic_1_square.png"; path = "../src/assets/coffee_assets/cappuccino/square/cappuccino_pic_1_square.png"; sourceTree = "<group>"; fileEncoding = undefined; lastKnownFileType = unknown; explicitFileType = undefined; includeInIndex = 0; };
		8D1CD7E9B220400BA327CDB1 /* cappuccino_pic_2_square.png */ = {isa = PBXFileReference; name = "cappuccino_pic_2_square.png"; path = "../src/assets/coffee_assets/cappuccino/square/cappuccino_pic_2_square.png"; sourceTree = "<group>"; fileEncoding = undefined; lastKnownFileType = unknown; explicitFileType = undefined; includeInIndex = 0; };
		2B8F1CBE5BCB4EFFABEA4AAD /* cappuccino_pic_3_square.png */ = {isa = PBXFileReference; name = "cappuccino_pic_3_square.png"; path = "../src/assets/coffee_assets/cappuccino/square/cappuccino_pic_3_square.png"; sourceTree = "<group>"; fileEncoding = undefined; lastKnownFileType = unknown; explicitFileType = undefined; includeInIndex = 0; };
		A4EA61DCEEAD4320A67EEC95 /* espresso_pic_1_portrait.png */ = {isa = PBXFileReference; name = "espresso_pic_1_portrait.png"; path = "../src/assets/coffee_assets/espresso/portrait/espresso_pic_1_portrait.png"; sourceTree = "<group>"; fileEncoding = undefined; lastKnownFileType = unknown; explicitFileType = undefined; includeInIndex = 0; };
		D9FFAFD57E714701AAC2856D /* espresso_pic_2_portrait.png */ = {isa = PBXFileReference; name = "espresso_pic_2_portrait.png"; path = "../src/assets/coffee_assets/espresso/portrait/espresso_pic_2_portrait.png"; sourceTree = "<group>"; fileEncoding = undefined; lastKnownFileType = unknown; explicitFileType = undefined; includeInIndex = 0; };
		F74284A667F6416C8904EE81 /* espresso_pic_3_portrait.png */ = {isa = PBXFileReference; name = "espresso_pic_3_portrait.png"; path = "../src/assets/coffee_assets/espresso/portrait/espresso_pic_3_portrait.png"; sourceTree = "<group>"; fileEncoding = undefined; lastKnownFileType = unknown; explicitFileType = undefined; includeInIndex = 0; };
		3F621CA413C345568FE06403 /* espresso_pic_1_square.png */ = {isa = PBXFileReference; name = "espresso_pic_1_square.png"; path = "../src/assets/coffee_assets/espresso/square/espresso_pic_1_square.png"; sourceTree = "<group>"; fileEncoding = undefined; lastKnownFileType = unknown; explicitFileType = undefined; includeInIndex = 0; };
		4EF929A06C4442E6A3D8B46D /* espresso_pic_2_square.png */ = {isa = PBXFileReference; name = "espresso_pic_2_square.png"; path = "../src/assets/coffee_assets/espresso/square/espresso_pic_2_square.png"; sourceTree = "<group>"; fileEncoding = undefined; lastKnownFileType = unknown; explicitFileType = undefined; includeInIndex = 0; };
		903CAE770BA9489485EDF608 /* espresso_pic_3_square.png */ = {isa = PBXFileReference; name = "espresso_pic_3_square.png"; path = "../src/assets/coffee_assets/espresso/square/espresso_pic_3_square.png"; sourceTree = "<group>"; fileEncoding = undefined; lastKnownFileType = unknown; explicitFileType = undefined; includeInIndex = 0; };
		342CFA0677C3462C8AE14A01 /* excelsa_coffee_beans_portrait.png */ = {isa = PBXFileReference; name = "excelsa_coffee_beans_portrait.png"; path = "../src/assets/coffee_assets/excelsa_coffee_beans/excelsa_coffee_beans_portrait.png"; sourceTree = "<group>"; fileEncoding = undefined; lastKnownFileType = unknown; explicitFileType = undefined; includeInIndex = 0; };
		C91EAE77F2504F96B9E3DF56 /* excelsa_coffee_beans_square.png */ = {isa = PBXFileReference; name = "excelsa_coffee_beans_square.png"; path = "../src/assets/coffee_assets/excelsa_coffee_beans/excelsa_coffee_beans_square.png"; sourceTree = "<group>"; fileEncoding = undefined; lastKnownFileType = unknown; explicitFileType = undefined; includeInIndex = 0; };
		C78A2E39BCB84F7C98597BC3 /* latte_pic_1_portrait.png */ = {isa = PBXFileReference; name = "latte_pic_1_portrait.png"; path = "../src/assets/coffee_assets/latte/portrait/latte_pic_1_portrait.png"; sourceTree = "<group>"; fileEncoding = undefined; lastKnownFileType = unknown; explicitFileType = undefined; includeInIndex = 0; };
		E04C2E1529FE4F979AEBB4C7 /* latte_pic_2_portrait.png */ = {isa = PBXFileReference; name = "latte_pic_2_portrait.png"; path = "../src/assets/coffee_assets/latte/portrait/latte_pic_2_portrait.png"; sourceTree = "<group>"; fileEncoding = undefined; lastKnownFileType = unknown; explicitFileType = undefined; includeInIndex = 0; };
		919B198DFF2A44B68E0F7BC0 /* latte_pic_3_portrait.png */ = {isa = PBXFileReference; name = "latte_pic_3_portrait.png"; path = "../src/assets/coffee_assets/latte/portrait/latte_pic_3_portrait.png"; sourceTree = "<group>"; fileEncoding = undefined; lastKnownFileType = unknown; explicitFileType = undefined; includeInIndex = 0; };
		7A22D2978BA849C6B5D47447 /* latte_pic_1_square.png */ = {isa = PBXFileReference; name = "latte_pic_1_square.png"; path = "../src/assets/coffee_assets/latte/square/latte_pic_1_square.png"; sourceTree = "<group>"; fileEncoding = undefined; lastKnownFileType = unknown; explicitFileType = undefined; includeInIndex = 0; };
		B77446ADD4CF4FACA4FE9457 /* latte_pic_2_square.png */ = {isa = PBXFileReference; name = "latte_pic_2_square.png"; path = "../src/assets/coffee_assets/latte/square/latte_pic_2_square.png"; sourceTree = "<group>"; fileEncoding = undefined; lastKnownFileType = unknown; explicitFileType = undefined; includeInIndex = 0; };
		26264E33074046CCB7CD645B /* latte_pic_3_square.png */ = {isa = PBXFileReference; name = "latte_pic_3_square.png"; path = "../src/assets/coffee_assets/latte/square/latte_pic_3_square.png"; sourceTree = "<group>"; fileEncoding = undefined; lastKnownFileType = unknown; explicitFileType = undefined; includeInIndex = 0; };
		8F7540AAE25E4EB9A5AA9F9F /* liberica_coffee_beans_portrait.png */ = {isa = PBXFileReference; name = "liberica_coffee_beans_portrait.png"; path = "../src/assets/coffee_assets/liberica_coffee_beans/liberica_coffee_beans_portrait.png"; sourceTree = "<group>"; fileEncoding = undefined; lastKnownFileType = unknown; explicitFileType = undefined; includeInIndex = 0; };
		3C5DA075C50046508FEBA993 /* liberica_coffee_beans_square.png */ = {isa = PBXFileReference; name = "liberica_coffee_beans_square.png"; path = "../src/assets/coffee_assets/liberica_coffee_beans/liberica_coffee_beans_square.png"; sourceTree = "<group>"; fileEncoding = undefined; lastKnownFileType = unknown; explicitFileType = undefined; includeInIndex = 0; };
		650D3E2CB51C4B61A717B539 /* macchiato_pic_1_portrait.png */ = {isa = PBXFileReference; name = "macchiato_pic_1_portrait.png"; path = "../src/assets/coffee_assets/macchiato/portrait/macchiato_pic_1_portrait.png"; sourceTree = "<group>"; fileEncoding = undefined; lastKnownFileType = unknown; explicitFileType = undefined; includeInIndex = 0; };
		80A6C84A364E40379B7EC39B /* macchiato_pic_2_portrait.png */ = {isa = PBXFileReference; name = "macchiato_pic_2_portrait.png"; path = "../src/assets/coffee_assets/macchiato/portrait/macchiato_pic_2_portrait.png"; sourceTree = "<group>"; fileEncoding = undefined; lastKnownFileType = unknown; explicitFileType = undefined; includeInIndex = 0; };
		DEE396096E634D03B11A3CBA /* macchiato_pic_3_portrait.png */ = {isa = PBXFileReference; name = "macchiato_pic_3_portrait.png"; path = "../src/assets/coffee_assets/macchiato/portrait/macchiato_pic_3_portrait.png"; sourceTree = "<group>"; fileEncoding = undefined; lastKnownFileType = unknown; explicitFileType = undefined; includeInIndex = 0; };
		FB30F8ABD33F44D785EBFCE4 /* macchiato_pic_1_square.png */ = {isa = PBXFileReference; name = "macchiato_pic_1_square.png"; path = "../src/assets/coffee_assets/macchiato/square/macchiato_pic_1_square.png"; sourceTree = "<group>"; fileEncoding = undefined; lastKnownFileType = unknown; explicitFileType = undefined; includeInIndex = 0; };
		05877490D43A4D1F9AA86BFC /* macchiato_pic_2_square.png */ = {isa = PBXFileReference; name = "macchiato_pic_2_square.png"; path = "../src/assets/coffee_assets/macchiato/square/macchiato_pic_2_square.png"; sourceTree = "<group>"; fileEncoding = undefined; lastKnownFileType = unknown; explicitFileType = undefined; includeInIndex = 0; };
		7D081ED57F88493EA83469F3 /* macchiato_pic_3_square.png */ = {isa = PBXFileReference; name = "macchiato_pic_3_square.png"; path = "../src/assets/coffee_assets/macchiato/square/macchiato_pic_3_square.png"; sourceTree = "<group>"; fileEncoding = undefined; lastKnownFileType = unknown; explicitFileType = undefined; includeInIndex = 0; };
		27DA7C65EDC741CB9018E452 /* robusta_coffee_beans_portrait.png */ = {isa = PBXFileReference; name = "robusta_coffee_beans_portrait.png"; path = "../src/assets/coffee_assets/robusta_coffee_beans/robusta_coffee_beans_portrait.png"; sourceTree = "<group>"; fileEncoding = undefined; lastKnownFileType = unknown; explicitFileType = undefined; includeInIndex = 0; };
		56676286D8FD41FA981672F9 /* robusta_coffee_beans_square.png */ = {isa = PBXFileReference; name = "robusta_coffee_beans_square.png"; path = "../src/assets/coffee_assets/robusta_coffee_beans/robusta_coffee_beans_square.png"; sourceTree = "<group>"; fileEncoding = undefined; lastKnownFileType = unknown; explicitFileType = undefined; includeInIndex = 0; };
/* End PBXFileReference section */

/* Begin PBXFrameworksBuildPhase section */
		00E356EB1AD99517003FC87E /* Frameworks */ = {
			isa = PBXFrameworksBuildPhase;
			buildActionMask = 2147483647;
			files = (
				7699B88040F8A987B510C191 /* libPods-CoffeeApp-CoffeeAppTests.a in Frameworks */,
			);
			runOnlyForDeploymentPostprocessing = 0;
		};
		13B07F8C1A680F5B00A75B9A /* Frameworks */ = {
			isa = PBXFrameworksBuildPhase;
			buildActionMask = 2147483647;
			files = (
				0C80B921A6F3F58F76C31292 /* libPods-CoffeeApp.a in Frameworks */,
			);
			runOnlyForDeploymentPostprocessing = 0;
		};
/* End PBXFrameworksBuildPhase section */

/* Begin PBXGroup section */
		00E356EF1AD99517003FC87E /* CoffeeAppTests */ = {
			isa = PBXGroup;
			children = (
				00E356F21AD99517003FC87E /* CoffeeAppTests.m */,
				00E356F01AD99517003FC87E /* Supporting Files */,
			);
			path = CoffeeAppTests;
			sourceTree = "<group>";
		};
		00E356F01AD99517003FC87E /* Supporting Files */ = {
			isa = PBXGroup;
			children = (
				00E356F11AD99517003FC87E /* Info.plist */,
			);
			name = "Supporting Files";
			sourceTree = "<group>";
		};
		13B07FAE1A68108700A75B9A /* CoffeeApp */ = {
			isa = PBXGroup;
			children = (
				13B07FAF1A68108700A75B9A /* AppDelegate.h */,
				13B07FB01A68108700A75B9A /* AppDelegate.mm */,
				13B07FB51A68108700A75B9A /* Images.xcassets */,
				13B07FB61A68108700A75B9A /* Info.plist */,
				81AB9BB72411601600AC10FF /* LaunchScreen.storyboard */,
				13B07FB71A68108700A75B9A /* main.m */,
				13B07FB81A68108700A75B9A /* PrivacyInfo.xcprivacy */,
			);
			name = CoffeeApp;
			sourceTree = "<group>";
		};
		2D16E6871FA4F8E400B85C8A /* Frameworks */ = {
			isa = PBXGroup;
			children = (
				ED297162215061F000B7C4FE /* JavaScriptCore.framework */,
				5DCACB8F33CDC322A6C60F78 /* libPods-CoffeeApp.a */,
				19F6CBCC0A4E27FBF8BF4A61 /* libPods-CoffeeApp-CoffeeAppTests.a */,
			);
			name = Frameworks;
			sourceTree = "<group>";
		};
		832341AE1AAA6A7D00B99B32 /* Libraries */ = {
			isa = PBXGroup;
			children = (
			);
			name = Libraries;
			sourceTree = "<group>";
		};
		83CBB9F61A601CBA00E9B192 = {
			isa = PBXGroup;
			children = (
				13B07FAE1A68108700A75B9A /* CoffeeApp */,
				832341AE1AAA6A7D00B99B32 /* Libraries */,
				00E356EF1AD99517003FC87E /* CoffeeAppTests */,
				83CBBA001A601CBA00E9B192 /* Products */,
				2D16E6871FA4F8E400B85C8A /* Frameworks */,
				BBD78D7AC51CEA395F1C20DB /* Pods */,
				D1F0AD5018814369AC87DBA3 /* Resources */,
			);
			indentWidth = 2;
			sourceTree = "<group>";
			tabWidth = 2;
			usesTabs = 0;
		};
		83CBBA001A601CBA00E9B192 /* Products */ = {
			isa = PBXGroup;
			children = (
				13B07F961A680F5B00A75B9A /* CoffeeApp.app */,
				00E356EE1AD99517003FC87E /* CoffeeAppTests.xctest */,
			);
			name = Products;
			sourceTree = "<group>";
		};
		BBD78D7AC51CEA395F1C20DB /* Pods */ = {
			isa = PBXGroup;
			children = (
				3B4392A12AC88292D35C810B /* Pods-CoffeeApp.debug.xcconfig */,
				5709B34CF0A7D63546082F79 /* Pods-CoffeeApp.release.xcconfig */,
				5B7EB9410499542E8C5724F5 /* Pods-CoffeeApp-CoffeeAppTests.debug.xcconfig */,
				89C6BE57DB24E9ADA2F236DE /* Pods-CoffeeApp-CoffeeAppTests.release.xcconfig */,
			);
			path = Pods;
			sourceTree = "<group>";
		};
		D1F0AD5018814369AC87DBA3 /* Resources */ = {
			isa = "PBXGroup";
			children = (
				DDD497CF7DBF4B5FBEDBD19B /* app_icons.ttf */,
				6D0D89468F3D459989A1E83D /* Poppins-Black.ttf */,
				90B4FEA8AA8647A6A1ED6BB0 /* Poppins-Bold.ttf */,
				2EAC5438F82B44F29102D61B /* Poppins-ExtraBold.ttf */,
				693C9139D5A4453BA180E292 /* Poppins-ExtraLight.ttf */,
				E8B41A292CA94DA9B250D19B /* Poppins-Light.ttf */,
				8E1C2EC6BE19470F9084ED5D /* Poppins-Medium.ttf */,
				C620F8FB62CF41069CA4BA0C /* Poppins-Regular.ttf */,
				C8163E77061C482CB91F566E /* Poppins-SemiBold.ttf */,
				D3953E7460194754B84DAF79 /* Poppins-Thin.ttf */,
				3AC646D374AD4856A65F7D6F /* amazonpay.png */,
				E2BB8ED8AB374C8B887BD2CE /* applepay.png */,
				C304F7E9E76D40DCB226EFFF /* avatar.png */,
				010ED8464277454BB38317F6 /* gpay.png */,
				D65E0176160443B3B7C25EBC /* americano_pic_1_portrait.png */,
				F1A2083F7FCB48E2891257BD /* americano_pic_2_portrait.png */,
				1DB6FBD90ABE497D823EC5BB /* americano_pic_3_portrait.png */,
				0A3C4189B03B4AE3840B9989 /* americano_pic_1_square.png */,
				323210C518DF431897A3E089 /* americano_pic_2_square.png */,
				46C8C886C82446C6A4875007 /* americano_pic_3_square.png */,
				A73001EE9E614225A4DD69D9 /* arabica_coffee_beans_portrait.png */,
				378F9F4A95D745849ED54955 /* arabica_coffee_beans_square.png */,
				A2053703ABAA492CB264D138 /* black_coffee_pic_1_portrait.png */,
				BCF685EC74F84A3CB3FA2765 /* black_coffee_pic_2_portrait.png */,
				5A73FA0B10E942C08E7A3BF9 /* black_coffee_pic_3_portrait.png */,
				AA9506B78CAE4355BCC4DF0E /* black_coffee_pic_1_square.png */,
				90CA112E7D5C4868AE77848F /* black_coffee_pic_2_square.png */,
				72C58E2D4CA54AFB99973100 /* black_coffee_pic_3_square.png */,
				81681A87EA0640D5BF87CFA1 /* cappuccino_pic_1_portrait.png */,
				8CD7F0AE3DC549B68B7B560A /* cappuccino_pic_2_portrait.png */,
				5F35F9CDE2114E28B38F7AC1 /* cappuccino_pic_3_portrait.png */,
				0D01435A24B543DC8A151C31 /* cappuccino_pic_1_square.png */,
				8D1CD7E9B220400BA327CDB1 /* cappuccino_pic_2_square.png */,
				2B8F1CBE5BCB4EFFABEA4AAD /* cappuccino_pic_3_square.png */,
				A4EA61DCEEAD4320A67EEC95 /* espresso_pic_1_portrait.png */,
				D9FFAFD57E714701AAC2856D /* espresso_pic_2_portrait.png */,
				F74284A667F6416C8904EE81 /* espresso_pic_3_portrait.png */,
				3F621CA413C345568FE06403 /* espresso_pic_1_square.png */,
				4EF929A06C4442E6A3D8B46D /* espresso_pic_2_square.png */,
				903CAE770BA9489485EDF608 /* espresso_pic_3_square.png */,
				342CFA0677C3462C8AE14A01 /* excelsa_coffee_beans_portrait.png */,
				C91EAE77F2504F96B9E3DF56 /* excelsa_coffee_beans_square.png */,
				C78A2E39BCB84F7C98597BC3 /* latte_pic_1_portrait.png */,
				E04C2E1529FE4F979AEBB4C7 /* latte_pic_2_portrait.png */,
				919B198DFF2A44B68E0F7BC0 /* latte_pic_3_portrait.png */,
				7A22D2978BA849C6B5D47447 /* latte_pic_1_square.png */,
				B77446ADD4CF4FACA4FE9457 /* latte_pic_2_square.png */,
				26264E33074046CCB7CD645B /* latte_pic_3_square.png */,
				8F7540AAE25E4EB9A5AA9F9F /* liberica_coffee_beans_portrait.png */,
				3C5DA075C50046508FEBA993 /* liberica_coffee_beans_square.png */,
				650D3E2CB51C4B61A717B539 /* macchiato_pic_1_portrait.png */,
				80A6C84A364E40379B7EC39B /* macchiato_pic_2_portrait.png */,
				DEE396096E634D03B11A3CBA /* macchiato_pic_3_portrait.png */,
				FB30F8ABD33F44D785EBFCE4 /* macchiato_pic_1_square.png */,
				05877490D43A4D1F9AA86BFC /* macchiato_pic_2_square.png */,
				7D081ED57F88493EA83469F3 /* macchiato_pic_3_square.png */,
				27DA7C65EDC741CB9018E452 /* robusta_coffee_beans_portrait.png */,
				56676286D8FD41FA981672F9 /* robusta_coffee_beans_square.png */,
			);
			name = Resources;
			sourceTree = "<group>";
			path = "";
		};
/* End PBXGroup section */

/* Begin PBXNativeTarget section */
		00E356ED1AD99517003FC87E /* CoffeeAppTests */ = {
			isa = PBXNativeTarget;
			buildConfigurationList = 00E357021AD99517003FC87E /* Build configuration list for PBXNativeTarget "CoffeeAppTests" */;
			buildPhases = (
				A55EABD7B0C7F3A422A6CC61 /* [CP] Check Pods Manifest.lock */,
				00E356EA1AD99517003FC87E /* Sources */,
				00E356EB1AD99517003FC87E /* Frameworks */,
				00E356EC1AD99517003FC87E /* Resources */,
				C59DA0FBD6956966B86A3779 /* [CP] Embed Pods Frameworks */,
				F6A41C54EA430FDDC6A6ED99 /* [CP] Copy Pods Resources */,
			);
			buildRules = (
			);
			dependencies = (
				00E356F51AD99517003FC87E /* PBXTargetDependency */,
			);
			name = CoffeeAppTests;
			productName = CoffeeAppTests;
			productReference = 00E356EE1AD99517003FC87E /* CoffeeAppTests.xctest */;
			productType = "com.apple.product-type.bundle.unit-test";
		};
		13B07F861A680F5B00A75B9A /* CoffeeApp */ = {
			isa = PBXNativeTarget;
			buildConfigurationList = 13B07F931A680F5B00A75B9A /* Build configuration list for PBXNativeTarget "CoffeeApp" */;
			buildPhases = (
				C38B50BA6285516D6DCD4F65 /* [CP] Check Pods Manifest.lock */,
				13B07F871A680F5B00A75B9A /* Sources */,
				13B07F8C1A680F5B00A75B9A /* Frameworks */,
				13B07F8E1A680F5B00A75B9A /* Resources */,
				00DD1BFF1BD5951E006B06BC /* Bundle React Native code and images */,
				00EEFC60759A1932668264C0 /* [CP] Embed Pods Frameworks */,
				E235C05ADACE081382539298 /* [CP] Copy Pods Resources */,
			);
			buildRules = (
			);
			dependencies = (
			);
			name = CoffeeApp;
			productName = CoffeeApp;
			productReference = 13B07F961A680F5B00A75B9A /* CoffeeApp.app */;
			productType = "com.apple.product-type.application";
		};
/* End PBXNativeTarget section */

/* Begin PBXProject section */
		83CBB9F71A601CBA00E9B192 /* Project object */ = {
			isa = PBXProject;
			attributes = {
				LastUpgradeCheck = 1210;
				TargetAttributes = {
					00E356ED1AD99517003FC87E = {
						CreatedOnToolsVersion = 6.2;
						TestTargetID = 13B07F861A680F5B00A75B9A;
					};
					13B07F861A680F5B00A75B9A = {
						LastSwiftMigration = 1120;
					};
				};
			};
			buildConfigurationList = 83CBB9FA1A601CBA00E9B192 /* Build configuration list for PBXProject "CoffeeApp" */;
			compatibilityVersion = "Xcode 12.0";
			developmentRegion = en;
			hasScannedForEncodings = 0;
			knownRegions = (
				en,
				Base,
			);
			mainGroup = 83CBB9F61A601CBA00E9B192;
			productRefGroup = 83CBBA001A601CBA00E9B192 /* Products */;
			projectDirPath = "";
			projectRoot = "";
			targets = (
				13B07F861A680F5B00A75B9A /* CoffeeApp */,
				00E356ED1AD99517003FC87E /* CoffeeAppTests */,
			);
		};
/* End PBXProject section */

/* Begin PBXResourcesBuildPhase section */
		00E356EC1AD99517003FC87E /* Resources */ = {
			isa = PBXResourcesBuildPhase;
			buildActionMask = 2147483647;
			files = (
			);
			runOnlyForDeploymentPostprocessing = 0;
		};
		13B07F8E1A680F5B00A75B9A /* Resources */ = {
			isa = PBXResourcesBuildPhase;
			buildActionMask = 2147483647;
			files = (
				81AB9BB82411601600AC10FF /* LaunchScreen.storyboard in Resources */,
				13B07FBF1A68108700A75B9A /* Images.xcassets in Resources */,
				5131D1BAC6DB48F69C5206A4 /* app_icons.ttf in Resources */,
				22B3A7B993714B7CA5D730E7 /* Poppins-Black.ttf in Resources */,
				DEF12A4E2B554935AD47A142 /* Poppins-Bold.ttf in Resources */,
				F309A57B70AE4355A7FDD919 /* Poppins-ExtraBold.ttf in Resources */,
				2DCE545325C04944B5B1C96D /* Poppins-ExtraLight.ttf in Resources */,
				386AD30BA1014E798231AFE3 /* Poppins-Light.ttf in Resources */,
				24BBEE1FFE514EDB97BB8B45 /* Poppins-Medium.ttf in Resources */,
				31D2610C77BA4DD0A2150C45 /* Poppins-Regular.ttf in Resources */,
				E60B79478201495A93365B25 /* Poppins-SemiBold.ttf in Resources */,
				A6C665992DA44334B950C065 /* Poppins-Thin.ttf in Resources */,
				6B4CA4BC24C045B3B3BFB51F /* amazonpay.png in Resources */,
				F8063DA2D86E43A9B882B6CE /* applepay.png in Resources */,
				AD5E9A5C238E499480384319 /* avatar.png in Resources */,
				3921A2795EEA4FF8AF67FC82 /* gpay.png in Resources */,
				985B2C9548B040CBB04A31B6 /* americano_pic_1_portrait.png in Resources */,
				9F50B8EDA56140318631DBB5 /* americano_pic_2_portrait.png in Resources */,
				65FE96B225334A2DA2870D87 /* americano_pic_3_portrait.png in Resources */,
				E88819590D52498DBA29F3E3 /* americano_pic_1_square.png in Resources */,
				D7C06C6D6B234247A95811CB /* americano_pic_2_square.png in Resources */,
				F9BA53FDD5DD49FBAAF5523F /* americano_pic_3_square.png in Resources */,
				5F47207E9FAF4873A46CC21F /* arabica_coffee_beans_portrait.png in Resources */,
				78010AD275C54479A0E2B87E /* arabica_coffee_beans_square.png in Resources */,
				00EF926488EA48F997C2637D /* black_coffee_pic_1_portrait.png in Resources */,
				4B32CD9D49DC4FBAA460B396 /* black_coffee_pic_2_portrait.png in Resources */,
				0C4ACB71030B41F28E22BC4D /* black_coffee_pic_3_portrait.png in Resources */,
				6C25337FCBCF4C95994191A7 /* black_coffee_pic_1_square.png in Resources */,
				3E12B8BB483C45408F79A582 /* black_coffee_pic_2_square.png in Resources */,
				7D7E108F11084F42A326F584 /* black_coffee_pic_3_square.png in Resources */,
				2951A7DB21C149708DEB599F /* cappuccino_pic_1_portrait.png in Resources */,
				065D2FC17F374DB9ADCF02C8 /* cappuccino_pic_2_portrait.png in Resources */,
				8A3F60A2325E401C915918C0 /* cappuccino_pic_3_portrait.png in Resources */,
				B0568656E6774224B314E271 /* cappuccino_pic_1_square.png in Resources */,
				C6098EB1370F41EA893154E3 /* cappuccino_pic_2_square.png in Resources */,
				9CF70F500AA34A818C9B53AA /* cappuccino_pic_3_square.png in Resources */,
				3556144625B44A6C8A2A2674 /* espresso_pic_1_portrait.png in Resources */,
				FFE9DC4D7E6B4BBCA4E21C84 /* espresso_pic_2_portrait.png in Resources */,
				DD8AF816D7C54FBFB36EF293 /* espresso_pic_3_portrait.png in Resources */,
				CC055664755741D5958CDDD3 /* espresso_pic_1_square.png in Resources */,
				795454970CF14B8CBAB0C118 /* espresso_pic_2_square.png in Resources */,
				72C7EF0A17484FA390898017 /* espresso_pic_3_square.png in Resources */,
				F2E4E134FAFE4F1582F56CCD /* excelsa_coffee_beans_portrait.png in Resources */,
				F92B7F5711074BE38A6B893E /* excelsa_coffee_beans_square.png in Resources */,
				3E8458A380D44075BC4765DB /* latte_pic_1_portrait.png in Resources */,
				C63FF6DF3F8A45C382F8BA50 /* latte_pic_2_portrait.png in Resources */,
				09723B6A2F794774A3A4D56F /* latte_pic_3_portrait.png in Resources */,
				47A6249D74FA489686BFDB1F /* latte_pic_1_square.png in Resources */,
				168CAFDDFF7E452C95491FA4 /* latte_pic_2_square.png in Resources */,
				5FE452CAE0DE402FBBC1D394 /* latte_pic_3_square.png in Resources */,
				D1BADD2AEF124E84B408D741 /* liberica_coffee_beans_portrait.png in Resources */,
				1C31F9ED1D05431F846AD99A /* liberica_coffee_beans_square.png in Resources */,
				12086655B95349AAB7E634D8 /* macchiato_pic_1_portrait.png in Resources */,
				10F631295E7F4681BE2F3536 /* macchiato_pic_2_portrait.png in Resources */,
				800108A6A3824B559D4582E0 /* macchiato_pic_3_portrait.png in Resources */,
				58C7FE29B59D4CE986B599A7 /* macchiato_pic_1_square.png in Resources */,
				67C17A8BC7AC4FD98599BE47 /* macchiato_pic_2_square.png in Resources */,
				12F1284AB34B4CC38E437AC1 /* macchiato_pic_3_square.png in Resources */,
				2B64A44BDF684CA68487124B /* robusta_coffee_beans_portrait.png in Resources */,
				0DB48D7051984DD0B7AEC296 /* robusta_coffee_beans_square.png in Resources */,
			);
			runOnlyForDeploymentPostprocessing = 0;
		};
/* End PBXResourcesBuildPhase section */

/* Begin PBXShellScriptBuildPhase section */
		00DD1BFF1BD5951E006B06BC /* Bundle React Native code and images */ = {
			isa = PBXShellScriptBuildPhase;
			buildActionMask = 2147483647;
			files = (
			);
			inputPaths = (
				"$(SRCROOT)/.xcode.env.local",
				"$(SRCROOT)/.xcode.env",
			);
			name = "Bundle React Native code and images";
			outputPaths = (
			);
			runOnlyForDeploymentPostprocessing = 0;
			shellPath = /bin/sh;
			shellScript = "set -e\n\nWITH_ENVIRONMENT=\"$REACT_NATIVE_PATH/scripts/xcode/with-environment.sh\"\nREACT_NATIVE_XCODE=\"$REACT_NATIVE_PATH/scripts/react-native-xcode.sh\"\n\n/bin/sh -c \"$WITH_ENVIRONMENT $REACT_NATIVE_XCODE\"\n";
		};
		00EEFC60759A1932668264C0 /* [CP] Embed Pods Frameworks */ = {
			isa = PBXShellScriptBuildPhase;
			buildActionMask = 2147483647;
			files = (
			);
			inputFileListPaths = (
				"${PODS_ROOT}/Target Support Files/Pods-CoffeeApp/Pods-CoffeeApp-frameworks-${CONFIGURATION}-input-files.xcfilelist",
			);
			name = "[CP] Embed Pods Frameworks";
			outputFileListPaths = (
				"${PODS_ROOT}/Target Support Files/Pods-CoffeeApp/Pods-CoffeeApp-frameworks-${CONFIGURATION}-output-files.xcfilelist",
			);
			runOnlyForDeploymentPostprocessing = 0;
			shellPath = /bin/sh;
			shellScript = "\"${PODS_ROOT}/Target Support Files/Pods-CoffeeApp/Pods-CoffeeApp-frameworks.sh\"\n";
			showEnvVarsInLog = 0;
		};
		A55EABD7B0C7F3A422A6CC61 /* [CP] Check Pods Manifest.lock */ = {
			isa = PBXShellScriptBuildPhase;
			buildActionMask = 2147483647;
			files = (
			);
			inputFileListPaths = (
			);
			inputPaths = (
				"${PODS_PODFILE_DIR_PATH}/Podfile.lock",
				"${PODS_ROOT}/Manifest.lock",
			);
			name = "[CP] Check Pods Manifest.lock";
			outputFileListPaths = (
			);
			outputPaths = (
				"$(DERIVED_FILE_DIR)/Pods-CoffeeApp-CoffeeAppTests-checkManifestLockResult.txt",
			);
			runOnlyForDeploymentPostprocessing = 0;
			shellPath = /bin/sh;
			shellScript = "diff \"${PODS_PODFILE_DIR_PATH}/Podfile.lock\" \"${PODS_ROOT}/Manifest.lock\" > /dev/null\nif [ $? != 0 ] ; then\n    # print error to STDERR\n    echo \"error: The sandbox is not in sync with the Podfile.lock. Run 'pod install' or update your CocoaPods installation.\" >&2\n    exit 1\nfi\n# This output is used by Xcode 'outputs' to avoid re-running this script phase.\necho \"SUCCESS\" > \"${SCRIPT_OUTPUT_FILE_0}\"\n";
			showEnvVarsInLog = 0;
		};
		C38B50BA6285516D6DCD4F65 /* [CP] Check Pods Manifest.lock */ = {
			isa = PBXShellScriptBuildPhase;
			buildActionMask = 2147483647;
			files = (
			);
			inputFileListPaths = (
			);
			inputPaths = (
				"${PODS_PODFILE_DIR_PATH}/Podfile.lock",
				"${PODS_ROOT}/Manifest.lock",
			);
			name = "[CP] Check Pods Manifest.lock";
			outputFileListPaths = (
			);
			outputPaths = (
				"$(DERIVED_FILE_DIR)/Pods-CoffeeApp-checkManifestLockResult.txt",
			);
			runOnlyForDeploymentPostprocessing = 0;
			shellPath = /bin/sh;
			shellScript = "diff \"${PODS_PODFILE_DIR_PATH}/Podfile.lock\" \"${PODS_ROOT}/Manifest.lock\" > /dev/null\nif [ $? != 0 ] ; then\n    # print error to STDERR\n    echo \"error: The sandbox is not in sync with the Podfile.lock. Run 'pod install' or update your CocoaPods installation.\" >&2\n    exit 1\nfi\n# This output is used by Xcode 'outputs' to avoid re-running this script phase.\necho \"SUCCESS\" > \"${SCRIPT_OUTPUT_FILE_0}\"\n";
			showEnvVarsInLog = 0;
		};
		C59DA0FBD6956966B86A3779 /* [CP] Embed Pods Frameworks */ = {
			isa = PBXShellScriptBuildPhase;
			buildActionMask = 2147483647;
			files = (
			);
			inputFileListPaths = (
				"${PODS_ROOT}/Target Support Files/Pods-CoffeeApp-CoffeeAppTests/Pods-CoffeeApp-CoffeeAppTests-frameworks-${CONFIGURATION}-input-files.xcfilelist",
			);
			name = "[CP] Embed Pods Frameworks";
			outputFileListPaths = (
				"${PODS_ROOT}/Target Support Files/Pods-CoffeeApp-CoffeeAppTests/Pods-CoffeeApp-CoffeeAppTests-frameworks-${CONFIGURATION}-output-files.xcfilelist",
			);
			runOnlyForDeploymentPostprocessing = 0;
			shellPath = /bin/sh;
			shellScript = "\"${PODS_ROOT}/Target Support Files/Pods-CoffeeApp-CoffeeAppTests/Pods-CoffeeApp-CoffeeAppTests-frameworks.sh\"\n";
			showEnvVarsInLog = 0;
		};
		E235C05ADACE081382539298 /* [CP] Copy Pods Resources */ = {
			isa = PBXShellScriptBuildPhase;
			buildActionMask = 2147483647;
			files = (
			);
			inputFileListPaths = (
				"${PODS_ROOT}/Target Support Files/Pods-CoffeeApp/Pods-CoffeeApp-resources-${CONFIGURATION}-input-files.xcfilelist",
			);
			name = "[CP] Copy Pods Resources";
			outputFileListPaths = (
				"${PODS_ROOT}/Target Support Files/Pods-CoffeeApp/Pods-CoffeeApp-resources-${CONFIGURATION}-output-files.xcfilelist",
			);
			runOnlyForDeploymentPostprocessing = 0;
			shellPath = /bin/sh;
			shellScript = "\"${PODS_ROOT}/Target Support Files/Pods-CoffeeApp/Pods-CoffeeApp-resources.sh\"\n";
			showEnvVarsInLog = 0;
		};
		F6A41C54EA430FDDC6A6ED99 /* [CP] Copy Pods Resources */ = {
			isa = PBXShellScriptBuildPhase;
			buildActionMask = 2147483647;
			files = (
			);
			inputFileListPaths = (
				"${PODS_ROOT}/Target Support Files/Pods-CoffeeApp-CoffeeAppTests/Pods-CoffeeApp-CoffeeAppTests-resources-${CONFIGURATION}-input-files.xcfilelist",
			);
			name = "[CP] Copy Pods Resources";
			outputFileListPaths = (
				"${PODS_ROOT}/Target Support Files/Pods-CoffeeApp-CoffeeAppTests/Pods-CoffeeApp-CoffeeAppTests-resources-${CONFIGURATION}-output-files.xcfilelist",
			);
			runOnlyForDeploymentPostprocessing = 0;
			shellPath = /bin/sh;
			shellScript = "\"${PODS_ROOT}/Target Support Files/Pods-CoffeeApp-CoffeeAppTests/Pods-CoffeeApp-CoffeeAppTests-resources.sh\"\n";
			showEnvVarsInLog = 0;
		};
/* End PBXShellScriptBuildPhase section */

/* Begin PBXSourcesBuildPhase section */
		00E356EA1AD99517003FC87E /* Sources */ = {
			isa = PBXSourcesBuildPhase;
			buildActionMask = 2147483647;
			files = (
				00E356F31AD99517003FC87E /* CoffeeAppTests.m in Sources */,
			);
			runOnlyForDeploymentPostprocessing = 0;
		};
		13B07F871A680F5B00A75B9A /* Sources */ = {
			isa = PBXSourcesBuildPhase;
			buildActionMask = 2147483647;
			files = (
				13B07FBC1A68108700A75B9A /* AppDelegate.mm in Sources */,
				13B07FC11A68108700A75B9A /* main.m in Sources */,
			);
			runOnlyForDeploymentPostprocessing = 0;
		};
/* End PBXSourcesBuildPhase section */

/* Begin PBXTargetDependency section */
		00E356F51AD99517003FC87E /* PBXTargetDependency */ = {
			isa = PBXTargetDependency;
			target = 13B07F861A680F5B00A75B9A /* CoffeeApp */;
			targetProxy = 00E356F41AD99517003FC87E /* PBXContainerItemProxy */;
		};
/* End PBXTargetDependency section */

/* Begin XCBuildConfiguration section */
		00E356F61AD99517003FC87E /* Debug */ = {
			isa = XCBuildConfiguration;
			baseConfigurationReference = 5B7EB9410499542E8C5724F5 /* Pods-CoffeeApp-CoffeeAppTests.debug.xcconfig */;
			buildSettings = {
				BUNDLE_LOADER = "$(TEST_HOST)";
				GCC_PREPROCESSOR_DEFINITIONS = (
					"DEBUG=1",
					"$(inherited)",
				);
				INFOPLIST_FILE = CoffeeAppTests/Info.plist;
				IPHONEOS_DEPLOYMENT_TARGET = 13.4;
				LD_RUNPATH_SEARCH_PATHS = (
					"$(inherited)",
					"@executable_path/Frameworks",
					"@loader_path/Frameworks",
				);
				OTHER_LDFLAGS = (
					"-ObjC",
					"-lc++",
					"$(inherited)",
				);
				PRODUCT_BUNDLE_IDENTIFIER = "org.reactjs.native.example.$(PRODUCT_NAME:rfc1034identifier)";
				PRODUCT_NAME = "$(TARGET_NAME)";
				TEST_HOST = "$(BUILT_PRODUCTS_DIR)/CoffeeApp.app/CoffeeApp";
			};
			name = Debug;
		};
		00E356F71AD99517003FC87E /* Release */ = {
			isa = XCBuildConfiguration;
			baseConfigurationReference = 89C6BE57DB24E9ADA2F236DE /* Pods-CoffeeApp-CoffeeAppTests.release.xcconfig */;
			buildSettings = {
				BUNDLE_LOADER = "$(TEST_HOST)";
				COPY_PHASE_STRIP = NO;
				INFOPLIST_FILE = CoffeeAppTests/Info.plist;
				IPHONEOS_DEPLOYMENT_TARGET = 13.4;
				LD_RUNPATH_SEARCH_PATHS = (
					"$(inherited)",
					"@executable_path/Frameworks",
					"@loader_path/Frameworks",
				);
				OTHER_LDFLAGS = (
					"-ObjC",
					"-lc++",
					"$(inherited)",
				);
				PRODUCT_BUNDLE_IDENTIFIER = "org.reactjs.native.example.$(PRODUCT_NAME:rfc1034identifier)";
				PRODUCT_NAME = "$(TARGET_NAME)";
				TEST_HOST = "$(BUILT_PRODUCTS_DIR)/CoffeeApp.app/CoffeeApp";
			};
			name = Release;
		};
		13B07F941A680F5B00A75B9A /* Debug */ = {
			isa = XCBuildConfiguration;
			baseConfigurationReference = 3B4392A12AC88292D35C810B /* Pods-CoffeeApp.debug.xcconfig */;
			buildSettings = {
				ASSETCATALOG_COMPILER_APPICON_NAME = AppIcon;
				CLANG_ENABLE_MODULES = YES;
				CURRENT_PROJECT_VERSION = 1;
				ENABLE_BITCODE = NO;
				INFOPLIST_FILE = CoffeeApp/Info.plist;
				LD_RUNPATH_SEARCH_PATHS = (
					"$(inherited)",
					"@executable_path/Frameworks",
				);
				MARKETING_VERSION = 1.0;
				OTHER_LDFLAGS = (
					"$(inherited)",
					"-ObjC",
					"-lc++",
				);
				PRODUCT_BUNDLE_IDENTIFIER = "org.reactjs.native.example.$(PRODUCT_NAME:rfc1034identifier)";
				PRODUCT_NAME = CoffeeApp;
				SWIFT_OPTIMIZATION_LEVEL = "-Onone";
				SWIFT_VERSION = 5.0;
				VERSIONING_SYSTEM = "apple-generic";
			};
			name = Debug;
		};
		13B07F951A680F5B00A75B9A /* Release */ = {
			isa = XCBuildConfiguration;
			baseConfigurationReference = 5709B34CF0A7D63546082F79 /* Pods-CoffeeApp.release.xcconfig */;
			buildSettings = {
				ASSETCATALOG_COMPILER_APPICON_NAME = AppIcon;
				CLANG_ENABLE_MODULES = YES;
				CURRENT_PROJECT_VERSION = 1;
				INFOPLIST_FILE = CoffeeApp/Info.plist;
				LD_RUNPATH_SEARCH_PATHS = (
					"$(inherited)",
					"@executable_path/Frameworks",
				);
				MARKETING_VERSION = 1.0;
				OTHER_LDFLAGS = (
					"$(inherited)",
					"-ObjC",
					"-lc++",
				);
				PRODUCT_BUNDLE_IDENTIFIER = "org.reactjs.native.example.$(PRODUCT_NAME:rfc1034identifier)";
				PRODUCT_NAME = CoffeeApp;
				SWIFT_VERSION = 5.0;
				VERSIONING_SYSTEM = "apple-generic";
			};
			name = Release;
		};
		83CBBA201A601CBA00E9B192 /* Debug */ = {
			isa = XCBuildConfiguration;
			buildSettings = {
				ALWAYS_SEARCH_USER_PATHS = NO;
				CLANG_ANALYZER_LOCALIZABILITY_NONLOCALIZED = YES;
				CLANG_CXX_LANGUAGE_STANDARD = "c++20";
				CLANG_CXX_LIBRARY = "libc++";
				CLANG_ENABLE_MODULES = YES;
				CLANG_ENABLE_OBJC_ARC = YES;
				CLANG_WARN_BLOCK_CAPTURE_AUTORELEASING = YES;
				CLANG_WARN_BOOL_CONVERSION = YES;
				CLANG_WARN_COMMA = YES;
				CLANG_WARN_CONSTANT_CONVERSION = YES;
				CLANG_WARN_DEPRECATED_OBJC_IMPLEMENTATIONS = YES;
				CLANG_WARN_DIRECT_OBJC_ISA_USAGE = YES_ERROR;
				CLANG_WARN_EMPTY_BODY = YES;
				CLANG_WARN_ENUM_CONVERSION = YES;
				CLANG_WARN_INFINITE_RECURSION = YES;
				CLANG_WARN_INT_CONVERSION = YES;
				CLANG_WARN_NON_LITERAL_NULL_CONVERSION = YES;
				CLANG_WARN_OBJC_IMPLICIT_RETAIN_SELF = YES;
				CLANG_WARN_OBJC_LITERAL_CONVERSION = YES;
				CLANG_WARN_OBJC_ROOT_CLASS = YES_ERROR;
				CLANG_WARN_QUOTED_INCLUDE_IN_FRAMEWORK_HEADER = YES;
				CLANG_WARN_RANGE_LOOP_ANALYSIS = YES;
				CLANG_WARN_STRICT_PROTOTYPES = YES;
				CLANG_WARN_SUSPICIOUS_MOVE = YES;
				CLANG_WARN_UNREACHABLE_CODE = YES;
				CLANG_WARN__DUPLICATE_METHOD_MATCH = YES;
				"CODE_SIGN_IDENTITY[sdk=iphoneos*]" = "iPhone Developer";
				COPY_PHASE_STRIP = NO;
				ENABLE_STRICT_OBJC_MSGSEND = YES;
				ENABLE_TESTABILITY = YES;
				"EXCLUDED_ARCHS[sdk=iphonesimulator*]" = "";
				GCC_C_LANGUAGE_STANDARD = gnu99;
				GCC_DYNAMIC_NO_PIC = NO;
				GCC_NO_COMMON_BLOCKS = YES;
				GCC_OPTIMIZATION_LEVEL = 0;
				GCC_PREPROCESSOR_DEFINITIONS = (
					"DEBUG=1",
					"$(inherited)",
				);
				GCC_SYMBOLS_PRIVATE_EXTERN = NO;
				GCC_WARN_64_TO_32_BIT_CONVERSION = YES;
				GCC_WARN_ABOUT_RETURN_TYPE = YES_ERROR;
				GCC_WARN_UNDECLARED_SELECTOR = YES;
				GCC_WARN_UNINITIALIZED_AUTOS = YES_AGGRESSIVE;
				GCC_WARN_UNUSED_FUNCTION = YES;
				GCC_WARN_UNUSED_VARIABLE = YES;
				IPHONEOS_DEPLOYMENT_TARGET = 13.4;
				LD_RUNPATH_SEARCH_PATHS = (
					/usr/lib/swift,
					"$(inherited)",
				);
				LIBRARY_SEARCH_PATHS = (
					"\"$(SDKROOT)/usr/lib/swift\"",
					"\"$(TOOLCHAIN_DIR)/usr/lib/swift/$(PLATFORM_NAME)\"",
					"\"$(inherited)\"",
				);
				MTL_ENABLE_DEBUG_INFO = YES;
				ONLY_ACTIVE_ARCH = YES;
				OTHER_CPLUSPLUSFLAGS = (
					"$(OTHER_CFLAGS)",
					"-DFOLLY_NO_CONFIG",
					"-DFOLLY_MOBILE=1",
					"-DFOLLY_USE_LIBCPP=1",
					"-DFOLLY_CFG_NO_COROUTINES=1",
					"-DFOLLY_HAVE_CLOCK_GETTIME=1",
				);
				SDKROOT = iphoneos;
			};
			name = Debug;
		};
		83CBBA211A601CBA00E9B192 /* Release */ = {
			isa = XCBuildConfiguration;
			buildSettings = {
				ALWAYS_SEARCH_USER_PATHS = NO;
				CLANG_ANALYZER_LOCALIZABILITY_NONLOCALIZED = YES;
				CLANG_CXX_LANGUAGE_STANDARD = "c++20";
				CLANG_CXX_LIBRARY = "libc++";
				CLANG_ENABLE_MODULES = YES;
				CLANG_ENABLE_OBJC_ARC = YES;
				CLANG_WARN_BLOCK_CAPTURE_AUTORELEASING = YES;
				CLANG_WARN_BOOL_CONVERSION = YES;
				CLANG_WARN_COMMA = YES;
				CLANG_WARN_CONSTANT_CONVERSION = YES;
				CLANG_WARN_DEPRECATED_OBJC_IMPLEMENTATIONS = YES;
				CLANG_WARN_DIRECT_OBJC_ISA_USAGE = YES_ERROR;
				CLANG_WARN_EMPTY_BODY = YES;
				CLANG_WARN_ENUM_CONVERSION = YES;
				CLANG_WARN_INFINITE_RECURSION = YES;
				CLANG_WARN_INT_CONVERSION = YES;
				CLANG_WARN_NON_LITERAL_NULL_CONVERSION = YES;
				CLANG_WARN_OBJC_IMPLICIT_RETAIN_SELF = YES;
				CLANG_WARN_OBJC_LITERAL_CONVERSION = YES;
				CLANG_WARN_OBJC_ROOT_CLASS = YES_ERROR;
				CLANG_WARN_QUOTED_INCLUDE_IN_FRAMEWORK_HEADER = YES;
				CLANG_WARN_RANGE_LOOP_ANALYSIS = YES;
				CLANG_WARN_STRICT_PROTOTYPES = YES;
				CLANG_WARN_SUSPICIOUS_MOVE = YES;
				CLANG_WARN_UNREACHABLE_CODE = YES;
				CLANG_WARN__DUPLICATE_METHOD_MATCH = YES;
				"CODE_SIGN_IDENTITY[sdk=iphoneos*]" = "iPhone Developer";
				COPY_PHASE_STRIP = YES;
				ENABLE_NS_ASSERTIONS = NO;
				ENABLE_STRICT_OBJC_MSGSEND = YES;
				"EXCLUDED_ARCHS[sdk=iphonesimulator*]" = "";
				GCC_C_LANGUAGE_STANDARD = gnu99;
				GCC_NO_COMMON_BLOCKS = YES;
				GCC_WARN_64_TO_32_BIT_CONVERSION = YES;
				GCC_WARN_ABOUT_RETURN_TYPE = YES_ERROR;
				GCC_WARN_UNDECLARED_SELECTOR = YES;
				GCC_WARN_UNINITIALIZED_AUTOS = YES_AGGRESSIVE;
				GCC_WARN_UNUSED_FUNCTION = YES;
				GCC_WARN_UNUSED_VARIABLE = YES;
				IPHONEOS_DEPLOYMENT_TARGET = 13.4;
				LD_RUNPATH_SEARCH_PATHS = (
					/usr/lib/swift,
					"$(inherited)",
				);
				LIBRARY_SEARCH_PATHS = (
					"\"$(SDKROOT)/usr/lib/swift\"",
					"\"$(TOOLCHAIN_DIR)/usr/lib/swift/$(PLATFORM_NAME)\"",
					"\"$(inherited)\"",
				);
				MTL_ENABLE_DEBUG_INFO = NO;
				OTHER_CPLUSPLUSFLAGS = (
					"$(OTHER_CFLAGS)",
					"-DFOLLY_NO_CONFIG",
					"-DFOLLY_MOBILE=1",
					"-DFOLLY_USE_LIBCPP=1",
					"-DFOLLY_CFG_NO_COROUTINES=1",
					"-DFOLLY_HAVE_CLOCK_GETTIME=1",
				);
				SDKROOT = iphoneos;
				VALIDATE_PRODUCT = YES;
			};
			name = Release;
		};
/* End XCBuildConfiguration section */

/* Begin XCConfigurationList section */
		00E357021AD99517003FC87E /* Build configuration list for PBXNativeTarget "CoffeeAppTests" */ = {
			isa = XCConfigurationList;
			buildConfigurations = (
				00E356F61AD99517003FC87E /* Debug */,
				00E356F71AD99517003FC87E /* Release */,
			);
			defaultConfigurationIsVisible = 0;
			defaultConfigurationName = Release;
		};
		13B07F931A680F5B00A75B9A /* Build configuration list for PBXNativeTarget "CoffeeApp" */ = {
			isa = XCConfigurationList;
			buildConfigurations = (
				13B07F941A680F5B00A75B9A /* Debug */,
				13B07F951A680F5B00A75B9A /* Release */,
			);
			defaultConfigurationIsVisible = 0;
			defaultConfigurationName = Release;
		};
		83CBB9FA1A601CBA00E9B192 /* Build configuration list for PBXProject "CoffeeApp" */ = {
			isa = XCConfigurationList;
			buildConfigurations = (
				83CBBA201A601CBA00E9B192 /* Debug */,
				83CBBA211A601CBA00E9B192 /* Release */,
			);
			defaultConfigurationIsVisible = 0;
			defaultConfigurationName = Release;
		};
/* End XCConfigurationList section */
	};
	rootObject = 83CBB9F71A601CBA00E9B192 /* Project object */;
}
